
Microsoft Visual Studio Solution File, Format Version 12.00
# Visual Studio 15
VisualStudioVersion = 15.0.28307.645
MinimumVisualStudioVersion = 10.0.40219.1
Project("{9A19103F-16F7-4668-BE54-9A1E7A4F7556}") = "SocialNetwork_Backend", "social-network\SocialNetwork_Backend.csproj", "{B321CA62-0BDA-4C9D-93A8-09B044B1C3B6}"
EndProject
Global
	GlobalSection(SolutionConfigurationPlatforms) = preSolution
		Debug|Any CPU = Debug|Any CPU
		Release|Any CPU = Release|Any CPU
	EndGlobalSection
	GlobalSection(ProjectConfigurationPlatforms) = postSolution
		{B321CA62-0BDA-4C9D-93A8-09B044B1C3B6}.Debug|Any CPU.ActiveCfg = Debug|Any CPU
		{B321CA62-0BDA-4C9D-93A8-09B044B1C3B6}.Debug|Any CPU.Build.0 = Debug|Any CPU
		{B321CA62-0BDA-4C9D-93A8-09B044B1C3B6}.Release|Any CPU.ActiveCfg = Release|Any CPU
		{B321CA62-0BDA-4C9D-93A8-09B044B1C3B6}.Release|Any CPU.Build.0 = Release|Any CPU
	EndGlobalSection
	GlobalSection(SolutionProperties) = preSolution
		HideSolutionNode = FALSE
	EndGlobalSection
	GlobalSection(ExtensibilityGlobals) = postSolution
		SolutionGuid = {23AB51D9-A671-4AA2-8D32-5978F72537BA}
	EndGlobalSection
EndGlobal
